PODS:
  - TrampolineBlockHook (0.1.0)

DEPENDENCIES:
  - TrampolineBlockHook (from `../`)

EXTERNAL SOURCES:
  TrampolineBlockHook:
    :path: "../"

SPEC CHECKSUMS:
  TrampolineBlockHook: 0c7c9568b45499db67fbe9bcd8dac18f4ffa910c

PODFILE CHECKSUM: 4b06d15ecf75bfabf5ca976f602d7e3a6e3a0f51

COCOAPODS: 1.11.3
